
Microsoft Visual Studio Solution File, Format Version 12.00
# Visual Studio Version 17
VisualStudioVersion = 17.7.34024.191
MinimumVisualStudioVersion = 10.0.40219.1
Project("{FAE04EC0-301F-11D3-BF4B-00C04F79EFBC}") = "Match Game", "Match Game\Match Game.csproj", "{99E0335B-58C0-4587-8374-FB4775F3A407}"
EndProject
Global
	GlobalSection(SolutionConfigurationPlatforms) = preSolution
		Debug|Any CPU = Debug|Any CPU
		Release|Any CPU = Release|Any CPU
	EndGlobalSection
	GlobalSection(ProjectConfigurationPlatforms) = postSolution
		{99E0335B-58C0-4587-8374-FB4775F3A407}.Debug|Any CPU.ActiveCfg = Debug|Any CPU
		{99E0335B-58C0-4587-8374-FB4775F3A407}.Debug|Any CPU.Build.0 = Debug|Any CPU
		{99E0335B-58C0-4587-8374-FB4775F3A407}.Release|Any CPU.ActiveCfg = Release|Any CPU
		{99E0335B-58C0-4587-8374-FB4775F3A407}.Release|Any CPU.Build.0 = Release|Any CPU
	EndGlobalSection
	GlobalSection(SolutionProperties) = preSolution
		HideSolutionNode = FALSE
	EndGlobalSection
	GlobalSection(ExtensibilityGlobals) = postSolution
		SolutionGuid = {9C63F129-263C-4671-BB2F-82829BD454A9}
	EndGlobalSection
EndGlobal
